// !$*UTF8*$!
{
	archiveVersion = 1;
	classes = {
	};
	objectVersion = 46;
	objects = {

/* Begin PBXBuildFile section */
		4321BEA71E489D20009679FD /* HeartFailure.swift in Sources */ = {isa = PBXBuildFile; fileRef = 4321BEA61E489D20009679FD /* HeartFailure.swift */; };
		4321BEA91E489DB1009679FD /* CoronaryHeartDisease.swift in Sources */ = {isa = PBXBuildFile; fileRef = 4321BEA81E489DB1009679FD /* CoronaryHeartDisease.swift */; };
		4321BEAB1E489DF8009679FD /* AtrialFibrilation.swift in Sources */ = {isa = PBXBuildFile; fileRef = 4321BEAA1E489DF8009679FD /* AtrialFibrilation.swift */; };
		4321BEAD1E489E3E009679FD /* ThromboembolicVKA.swift in Sources */ = {isa = PBXBuildFile; fileRef = 4321BEAC1E489E3E009679FD /* ThromboembolicVKA.swift */; };
		4321BEAF1E489EA1009679FD /* VentricularTachyarrthymias.swift in Sources */ = {isa = PBXBuildFile; fileRef = 4321BEAE1E489EA1009679FD /* VentricularTachyarrthymias.swift */; };
		4321BEB11E489F49009679FD /* BradyarrthymiaSyncope.swift in Sources */ = {isa = PBXBuildFile; fileRef = 4321BEB01E489F49009679FD /* BradyarrthymiaSyncope.swift */; };
		4321BEB61E489FB4009679FD /* ValvularHeartDisease.swift in Sources */ = {isa = PBXBuildFile; fileRef = 4321BEB51E489FB4009679FD /* ValvularHeartDisease.swift */; };
		4321BEB81E48A038009679FD /* PulmonaryHypertension.swift in Sources */ = {isa = PBXBuildFile; fileRef = 4321BEB71E48A038009679FD /* PulmonaryHypertension.swift */; };
		4321BEBA1E48A085009679FD /* VascularDisease.swift in Sources */ = {isa = PBXBuildFile; fileRef = 4321BEB91E48A085009679FD /* VascularDisease.swift */; };
		4321BEBE1E4B4289009679FD /* Syncope.swift in Sources */ = {isa = PBXBuildFile; fileRef = 4321BEBD1E4B4289009679FD /* Syncope.swift */; };
		432D135E1E6591CA007E600A /* HMS.swift in Sources */ = {isa = PBXBuildFile; fileRef = 432D135D1E6591CA007E600A /* HMS.swift */; };
		432D13601E66CE25007E600A /* Output.swift in Sources */ = {isa = PBXBuildFile; fileRef = 432D135F1E66CE25007E600A /* Output.swift */; };
		432D13621E66D918007E600A /* Output.storyboard in Resources */ = {isa = PBXBuildFile; fileRef = 432D13611E66D918007E600A /* Output.storyboard */; };
		432D13661E66DC89007E600A /* OutputController.swift in Sources */ = {isa = PBXBuildFile; fileRef = 432D13651E66DC89007E600A /* OutputController.swift */; };
		433A6E881E52205F008EB8C5 /* PhysicalExam.swift in Sources */ = {isa = PBXBuildFile; fileRef = 433A6E871E52205F008EB8C5 /* PhysicalExam.swift */; };
		433A6E8A1E52F837008EB8C5 /* Diagnostics.swift in Sources */ = {isa = PBXBuildFile; fileRef = 433A6E891E52F837008EB8C5 /* Diagnostics.swift */; };
		433A6E8C1E52F911008EB8C5 /* POMeds.swift in Sources */ = {isa = PBXBuildFile; fileRef = 433A6E8B1E52F911008EB8C5 /* POMeds.swift */; };
		433A6E8F1E52F961008EB8C5 /* InHospital.swift in Sources */ = {isa = PBXBuildFile; fileRef = 433A6E8E1E52F961008EB8C5 /* InHospital.swift */; };
		433A6E911E52F9A4008EB8C5 /* HeartSpecialistManagement.swift in Sources */ = {isa = PBXBuildFile; fileRef = 433A6E901E52F9A4008EB8C5 /* HeartSpecialistManagement.swift */; };
		4363A08D1E5DCBF20016D69A /* HSR.swift in Sources */ = {isa = PBXBuildFile; fileRef = 4363A08C1E5DCBF20016D69A /* HSR.swift */; };
		43759CD31E8164C3009F9BB1 /* ReviewOfSystem.swift in Sources */ = {isa = PBXBuildFile; fileRef = 43759CD21E8164C3009F9BB1 /* ReviewOfSystem.swift */; };
		43A35E181E4C8571006B9E76 /* MajorCVRisks.swift in Sources */ = {isa = PBXBuildFile; fileRef = 43A35E171E4C8571006B9E76 /* MajorCVRisks.swift */; };
		43A35E1A1E4CA159006B9E76 /* SurgicalRisk.swift in Sources */ = {isa = PBXBuildFile; fileRef = 43A35E191E4CA159006B9E76 /* SurgicalRisk.swift */; };
		43A35E1C1E4CA41B006B9E76 /* Laboratories.swift in Sources */ = {isa = PBXBuildFile; fileRef = 43A35E1B1E4CA41B006B9E76 /* Laboratories.swift */; };
		43F081091E7C3884009EE626 /* RateController.swift in Sources */ = {isa = PBXBuildFile; fileRef = 43F081081E7C3884009EE626 /* RateController.swift */; };
		58E6F39A1E4FE83B00DBDD78 /* ItemType.swift in Sources */ = {isa = PBXBuildFile; fileRef = 58E6F3991E4FE83B00DBDD78 /* ItemType.swift */; };
		7822CA501E4CCBEB00EA0C31 /* BuildAppearance.swift in Sources */ = {isa = PBXBuildFile; fileRef = 7822CA4F1E4CCBEB00EA0C31 /* BuildAppearance.swift */; };
		7826C2901E603023001007B4 /* StoredValue.swift in Sources */ = {isa = PBXBuildFile; fileRef = 7826C28F1E603023001007B4 /* StoredValue.swift */; };
		7836A61C1E5C5D2400C21254 /* MessageController.swift in Sources */ = {isa = PBXBuildFile; fileRef = 7836A61B1E5C5D2400C21254 /* MessageController.swift */; };
		783C2FFE1E72E0F10042F29E /* HypertensionController.swift in Sources */ = {isa = PBXBuildFile; fileRef = 783C2FFD1E72E0F10042F29E /* HypertensionController.swift */; };
		7841EA681E5B0F5200F57FC6 /* BioController.swift in Sources */ = {isa = PBXBuildFile; fileRef = 7841EA671E5B0F5200F57FC6 /* BioController.swift */; };
		78588F1A1E65E6AE00AEBB58 /* OutputPresentation.swift in Sources */ = {isa = PBXBuildFile; fileRef = 78588F191E65E6AE00AEBB58 /* OutputPresentation.swift */; };
		7867AD701E6C3C2600292FAA /* SpecialistController.swift in Sources */ = {isa = PBXBuildFile; fileRef = 7867AD6F1E6C3C2600292FAA /* SpecialistController.swift */; };
		7867AD721E6C3C6000292FAA /* Specialist.swift in Sources */ = {isa = PBXBuildFile; fileRef = 7867AD711E6C3C6000292FAA /* Specialist.swift */; };
		787104E91E40E5410049E590 /* HexExtention.swift in Sources */ = {isa = PBXBuildFile; fileRef = 787104E81E40E5410049E590 /* HexExtention.swift */; };
		7871122C1E796971006A7DDC /* Settings.swift in Sources */ = {isa = PBXBuildFile; fileRef = 7871122B1E796970006A7DDC /* Settings.swift */; };
		7874A2491E49E8440048220E /* ResetAccountController.swift in Sources */ = {isa = PBXBuildFile; fileRef = 7874A2481E49E8440048220E /* ResetAccountController.swift */; };
		7874A24B1E4A0BCB0048220E /* CodeAutorizationController.swift in Sources */ = {isa = PBXBuildFile; fileRef = 7874A24A1E4A0BCB0048220E /* CodeAutorizationController.swift */; };
		7874A24F1E4A20BE0048220E /* Medical.storyboard in Resources */ = {isa = PBXBuildFile; fileRef = 7874A24E1E4A20BE0048220E /* Medical.storyboard */; };
		7874A2511E4A26F00048220E /* SettingsController.swift in Sources */ = {isa = PBXBuildFile; fileRef = 7874A2501E4A26F00048220E /* SettingsController.swift */; };
		787753051E55C34300D13EE9 /* RadioGroup.swift in Sources */ = {isa = PBXBuildFile; fileRef = 787753041E55C34300D13EE9 /* RadioGroup.swift */; };
		7879D4A01E6D563400965619 /* RegistraionController.swift in Sources */ = {isa = PBXBuildFile; fileRef = 7879D49F1E6D563400965619 /* RegistraionController.swift */; };
		7879D4A71E6D5DA600965619 /* Registration.swift in Sources */ = {isa = PBXBuildFile; fileRef = 7879D4A61E6D5DA600965619 /* Registration.swift */; };
		7879D4A91E6D943700965619 /* General.swift in Sources */ = {isa = PBXBuildFile; fileRef = 7879D4A81E6D943700965619 /* General.swift */; };
		787EB47A1E4DB76D00121B40 /* Presentation.swift in Sources */ = {isa = PBXBuildFile; fileRef = 787EB4791E4DB76D00121B40 /* Presentation.swift */; };
		787EB47C1E4DBCD100121B40 /* EvaluationItem.swift in Sources */ = {isa = PBXBuildFile; fileRef = 787EB47B1E4DBCD100121B40 /* EvaluationItem.swift */; };
		787EB47E1E4DEE0900121B40 /* GeneratedController.swift in Sources */ = {isa = PBXBuildFile; fileRef = 787EB47D1E4DEE0900121B40 /* GeneratedController.swift */; };
		78813BC11E52FBF700EF1A77 /* GeneratedCell.swift in Sources */ = {isa = PBXBuildFile; fileRef = 78813BC01E52FBF700EF1A77 /* GeneratedCell.swift */; };
		7883AB121E7ACD710000F65A /* ProfileController.swift in Sources */ = {isa = PBXBuildFile; fileRef = 7883AB111E7ACD710000F65A /* ProfileController.swift */; };
		7883AB141E7AD1AA0000F65A /* Profile.swift in Sources */ = {isa = PBXBuildFile; fileRef = 7883AB131E7AD1AA0000F65A /* Profile.swift */; };
		7883AB161E7AFFE50000F65A /* PoliciesController.swift in Sources */ = {isa = PBXBuildFile; fileRef = 7883AB151E7AFFE50000F65A /* PoliciesController.swift */; };
		7883AB181E7AFFF90000F65A /* TermsController.swift in Sources */ = {isa = PBXBuildFile; fileRef = 7883AB171E7AFFF90000F65A /* TermsController.swift */; };
		7883AB1A1E7B002A0000F65A /* HelpSupportController.swift in Sources */ = {isa = PBXBuildFile; fileRef = 7883AB191E7B002A0000F65A /* HelpSupportController.swift */; };
		78897E1E1E5D7EAD00768783 /* CVDAlertController.swift in Sources */ = {isa = PBXBuildFile; fileRef = 78897E1D1E5D7EAD00768783 /* CVDAlertController.swift */; };
		78897E201E5DA71C00768783 /* CVDAction.swift in Sources */ = {isa = PBXBuildFile; fileRef = 78897E1F1E5DA71C00768783 /* CVDAction.swift */; };
		78897E231E5DB8E300768783 /* AuxiliaryFunctions.swift in Sources */ = {isa = PBXBuildFile; fileRef = 78897E221E5DB8E300768783 /* AuxiliaryFunctions.swift */; };
		788F528D1E4B1059000208B3 /* RootViewController.swift in Sources */ = {isa = PBXBuildFile; fileRef = 788F528C1E4B1059000208B3 /* RootViewController.swift */; };
		788F52951E4B295B000208B3 /* DemoController.swift in Sources */ = {isa = PBXBuildFile; fileRef = 788F52941E4B295B000208B3 /* DemoController.swift */; };
		788F52981E4B2DD7000208B3 /* DemoView.swift in Sources */ = {isa = PBXBuildFile; fileRef = 788F52971E4B2DD7000208B3 /* DemoView.swift */; };
		788F529A1E4B308F000208B3 /* DemoView.xib in Resources */ = {isa = PBXBuildFile; fileRef = 788F52991E4B308F000208B3 /* DemoView.xib */; };
		788F529C1E4B31AA000208B3 /* ObjectLoader.swift in Sources */ = {isa = PBXBuildFile; fileRef = 788F529B1E4B31AA000208B3 /* ObjectLoader.swift */; };
		789268A21E6419950018FEF5 /* ControllerStyle.swift in Sources */ = {isa = PBXBuildFile; fileRef = 789268A11E6419950018FEF5 /* ControllerStyle.swift */; };
		789268A51E6478C80018FEF5 /* Evaluation.xcdatamodeld in Sources */ = {isa = PBXBuildFile; fileRef = 789268A31E6478C80018FEF5 /* Evaluation.xcdatamodeld */; };
		789268E41E6488170018FEF5 /* DataManager.swift in Sources */ = {isa = PBXBuildFile; fileRef = 789268E31E6488170018FEF5 /* DataManager.swift */; };
		78986FA41E488A5200DD5F5D /* LoginController.swift in Sources */ = {isa = PBXBuildFile; fileRef = 78986FA31E488A5200DD5F5D /* LoginController.swift */; };
		78A0B2391E616D8F0069AAE0 /* CVDToolbar.swift in Sources */ = {isa = PBXBuildFile; fileRef = 78A0B2381E616D8F0069AAE0 /* CVDToolbar.swift */; };
		78A0B23B1E616D9E0069AAE0 /* CVDTopbar.swift in Sources */ = {isa = PBXBuildFile; fileRef = 78A0B23A1E616D9E0069AAE0 /* CVDTopbar.swift */; };
		78A57C591E4491EF00B9A09B /* Evaluation.swift in Sources */ = {isa = PBXBuildFile; fileRef = 78A57C581E4491EF00B9A09B /* Evaluation.swift */; };
		78A57C5C1E449AE800B9A09B /* BioPersonal.swift in Sources */ = {isa = PBXBuildFile; fileRef = 78A57C5B1E449AE800B9A09B /* BioPersonal.swift */; };
		78A57C5E1E449B4000B9A09B /* Symptoms.swift in Sources */ = {isa = PBXBuildFile; fileRef = 78A57C5D1E449B4000B9A09B /* Symptoms.swift */; };
		78A57C611E449EEC00B9A09B /* CVProfile.swift in Sources */ = {isa = PBXBuildFile; fileRef = 78A57C601E449EEC00B9A09B /* CVProfile.swift */; };
		78A57C641E44B3B700B9A09B /* EvaluationController.swift in Sources */ = {isa = PBXBuildFile; fileRef = 78A57C631E44B3B700B9A09B /* EvaluationController.swift */; };
		78A57C661E44B92800B9A09B /* EvaluationListController.swift in Sources */ = {isa = PBXBuildFile; fileRef = 78A57C651E44B92800B9A09B /* EvaluationListController.swift */; };
		78A680A91E76DEAF007BE425 /* StyleController.swift in Sources */ = {isa = PBXBuildFile; fileRef = 78A680A81E76DEAF007BE425 /* StyleController.swift */; };
		78A680AB1E76E707007BE425 /* FontSetView.swift in Sources */ = {isa = PBXBuildFile; fileRef = 78A680AA1E76E707007BE425 /* FontSetView.swift */; };
		78BF73E81E3F640F0040EC81 /* AppDelegate.swift in Sources */ = {isa = PBXBuildFile; fileRef = 78BF73E71E3F640F0040EC81 /* AppDelegate.swift */; };
		78BF73ED1E3F640F0040EC81 /* Main.storyboard in Resources */ = {isa = PBXBuildFile; fileRef = 78BF73EB1E3F640F0040EC81 /* Main.storyboard */; };
		78BF73EF1E3F640F0040EC81 /* Assets.xcassets in Resources */ = {isa = PBXBuildFile; fileRef = 78BF73EE1E3F640F0040EC81 /* Assets.xcassets */; };
		78BF73F21E3F640F0040EC81 /* LaunchScreen.storyboard in Resources */ = {isa = PBXBuildFile; fileRef = 78BF73F01E3F640F0040EC81 /* LaunchScreen.storyboard */; };
		78BF73FD1E3F640F0040EC81 /* CVDEvaluatorTests.swift in Sources */ = {isa = PBXBuildFile; fileRef = 78BF73FC1E3F640F0040EC81 /* CVDEvaluatorTests.swift */; };
		78BF74081E3F640F0040EC81 /* CVDEvaluatorUITests.swift in Sources */ = {isa = PBXBuildFile; fileRef = 78BF74071E3F640F0040EC81 /* CVDEvaluatorUITests.swift */; };
		78BF74191E3F71050040EC81 /* HomeController.swift in Sources */ = {isa = PBXBuildFile; fileRef = 78BF74181E3F71050040EC81 /* HomeController.swift */; };
		78FF5C381E435678009455A3 /* BaseController.swift in Sources */ = {isa = PBXBuildFile; fileRef = 78FF5C371E435678009455A3 /* BaseController.swift */; };
		78FF5C3D1E436236009455A3 /* AboutController.swift in Sources */ = {isa = PBXBuildFile; fileRef = 78FF5C3C1E436236009455A3 /* AboutController.swift */; };
		78FF5C3F1E436262009455A3 /* BaseTableController.swift in Sources */ = {isa = PBXBuildFile; fileRef = 78FF5C3E1E436262009455A3 /* BaseTableController.swift */; };
		AA11900F1F1D77840030E32F /* ExpyTableView.swift in Sources */ = {isa = PBXBuildFile; fileRef = AA11900E1F1D77840030E32F /* ExpyTableView.swift */; };
		AA32535D1F1065B800519B96 /* TextSizeView.xib in Resources */ = {isa = PBXBuildFile; fileRef = AA32535C1F1065B800519B96 /* TextSizeView.xib */; };
		AA824E6C1EF21E6A00D75320 /* UIToolBarSubclassExample.swift in Sources */ = {isa = PBXBuildFile; fileRef = AA824E6B1EF21E6A00D75320 /* UIToolBarSubclassExample.swift */; };
		B70706101E85E05A009342E1 /* RestClient.swift in Sources */ = {isa = PBXBuildFile; fileRef = B707060F1E85E05A009342E1 /* RestClient.swift */; };
		B707061A1E85E0D1009342E1 /* EvaluationRequest.swift in Sources */ = {isa = PBXBuildFile; fileRef = B70706191E85E0D1009342E1 /* EvaluationRequest.swift */; };
		B7F74C941ECE99E500B17C09 /* StringExtentions.swift in Sources */ = {isa = PBXBuildFile; fileRef = B7F74C931ECE99E500B17C09 /* StringExtentions.swift */; };
		B7F74C961ECEB12C00B17C09 /* ReferencesController.swift in Sources */ = {isa = PBXBuildFile; fileRef = B7F74C951ECEB12C00B17C09 /* ReferencesController.swift */; };
		B7FF6D8B1EB8F55C00D8EDC6 /* RegisterRequest.swift in Sources */ = {isa = PBXBuildFile; fileRef = B7FF6D8A1EB8F55C00D8EDC6 /* RegisterRequest.swift */; };
		B7FF6D8E1EB8FB8600D8EDC6 /* RegisterResponse.swift in Sources */ = {isa = PBXBuildFile; fileRef = B7FF6D8D1EB8FB8600D8EDC6 /* RegisterResponse.swift */; };
		BA49CC491F3339360040060A /* Crashlytics.framework in Frameworks */ = {isa = PBXBuildFile; fileRef = BA49CC411F3339360040060A /* Crashlytics.framework */; };
		BA49CC4A1F3339360040060A /* Fabric.framework in Frameworks */ = {isa = PBXBuildFile; fileRef = BA49CC421F3339360040060A /* Fabric.framework */; };
		BA49CC531F333E2C0040060A /* SwiftyJSON.framework in Embed Frameworks */ = {isa = PBXBuildFile; fileRef = BA49CC451F3339360040060A /* SwiftyJSON.framework */; settings = {ATTRIBUTES = (CodeSignOnCopy, RemoveHeadersOnCopy, ); }; };
		BA49CC541F3340830040060A /* Alamofire.framework in Frameworks */ = {isa = PBXBuildFile; fileRef = BA49CC401F3339360040060A /* Alamofire.framework */; };
		BA49CC551F3340830040060A /* Alamofire.framework in Embed Frameworks */ = {isa = PBXBuildFile; fileRef = BA49CC401F3339360040060A /* Alamofire.framework */; settings = {ATTRIBUTES = (CodeSignOnCopy, RemoveHeadersOnCopy, ); }; };
		BA49CC581F3340830040060A /* ToastSwiftFramework.framework in Frameworks */ = {isa = PBXBuildFile; fileRef = BA49CC461F3339360040060A /* ToastSwiftFramework.framework */; };
		BA49CC591F3340830040060A /* ToastSwiftFramework.framework in Embed Frameworks */ = {isa = PBXBuildFile; fileRef = BA49CC461F3339360040060A /* ToastSwiftFramework.framework */; settings = {ATTRIBUTES = (CodeSignOnCopy, RemoveHeadersOnCopy, ); }; };
		BA49CC5A1F3340A30040060A /* NVActivityIndicatorView.framework in Frameworks */ = {isa = PBXBuildFile; fileRef = BA49CC431F3339360040060A /* NVActivityIndicatorView.framework */; };
		BA49CC5B1F3340A30040060A /* NVActivityIndicatorView.framework in Embed Frameworks */ = {isa = PBXBuildFile; fileRef = BA49CC431F3339360040060A /* NVActivityIndicatorView.framework */; settings = {ATTRIBUTES = (CodeSignOnCopy, RemoveHeadersOnCopy, ); }; };
		BA9A1B631F31EEC900EABFAA /* UIAlertControllerExtention.swift in Sources */ = {isa = PBXBuildFile; fileRef = BA9A1B621F31EEC900EABFAA /* UIAlertControllerExtention.swift */; };
/* End PBXBuildFile section */

/* Begin PBXContainerItemProxy section */
		78BF73F91E3F640F0040EC81 /* PBXContainerItemProxy */ = {
			isa = PBXContainerItemProxy;
			containerPortal = 78BF73DC1E3F640F0040EC81 /* Project object */;
			proxyType = 1;
			remoteGlobalIDString = 78BF73E31E3F640F0040EC81;
			remoteInfo = CVDEvaluator;
		};
		78BF74041E3F640F0040EC81 /* PBXContainerItemProxy */ = {
			isa = PBXContainerItemProxy;
			containerPortal = 78BF73DC1E3F640F0040EC81 /* Project object */;
			proxyType = 1;
			remoteGlobalIDString = 78BF73E31E3F640F0040EC81;
			remoteInfo = CVDEvaluator;
		};
/* End PBXContainerItemProxy section */

/* Begin PBXCopyFilesBuildPhase section */
		D51A51581E9442850084352C /* Embed Frameworks */ = {
			isa = PBXCopyFilesBuildPhase;
			buildActionMask = 2147483647;
			dstPath = "";
			dstSubfolderSpec = 10;
			files = (
				BA49CC591F3340830040060A /* ToastSwiftFramework.framework in Embed Frameworks */,
				BA49CC551F3340830040060A /* Alamofire.framework in Embed Frameworks */,
				BA49CC5B1F3340A30040060A /* NVActivityIndicatorView.framework in Embed Frameworks */,
				BA49CC531F333E2C0040060A /* SwiftyJSON.framework in Embed Frameworks */,
			);
			name = "Embed Frameworks";
			runOnlyForDeploymentPostprocessing = 0;
		};
/* End PBXCopyFilesBuildPhase section */

/* Begin PBXFileReference section */
		4321BEA61E489D20009679FD /* HeartFailure.swift */ = {isa = PBXFileReference; fileEncoding = 4; lastKnownFileType = sourcecode.swift; path = HeartFailure.swift; sourceTree = "<group>"; };
		4321BEA81E489DB1009679FD /* CoronaryHeartDisease.swift */ = {isa = PBXFileReference; fileEncoding = 4; lastKnownFileType = sourcecode.swift; path = CoronaryHeartDisease.swift; sourceTree = "<group>"; };
		4321BEAA1E489DF8009679FD /* AtrialFibrilation.swift */ = {isa = PBXFileReference; fileEncoding = 4; lastKnownFileType = sourcecode.swift; path = AtrialFibrilation.swift; sourceTree = "<group>"; };
		4321BEAC1E489E3E009679FD /* ThromboembolicVKA.swift */ = {isa = PBXFileReference; fileEncoding = 4; lastKnownFileType = sourcecode.swift; path = ThromboembolicVKA.swift; sourceTree = "<group>"; };
		4321BEAE1E489EA1009679FD /* VentricularTachyarrthymias.swift */ = {isa = PBXFileReference; fileEncoding = 4; lastKnownFileType = sourcecode.swift; path = VentricularTachyarrthymias.swift; sourceTree = "<group>"; };
		4321BEB01E489F49009679FD /* BradyarrthymiaSyncope.swift */ = {isa = PBXFileReference; fileEncoding = 4; lastKnownFileType = sourcecode.swift; path = BradyarrthymiaSyncope.swift; sourceTree = "<group>"; };
		4321BEB51E489FB4009679FD /* ValvularHeartDisease.swift */ = {isa = PBXFileReference; fileEncoding = 4; lastKnownFileType = sourcecode.swift; path = ValvularHeartDisease.swift; sourceTree = "<group>"; };
		4321BEB71E48A038009679FD /* PulmonaryHypertension.swift */ = {isa = PBXFileReference; fileEncoding = 4; lastKnownFileType = sourcecode.swift; path = PulmonaryHypertension.swift; sourceTree = "<group>"; };
		4321BEB91E48A085009679FD /* VascularDisease.swift */ = {isa = PBXFileReference; fileEncoding = 4; lastKnownFileType = sourcecode.swift; path = VascularDisease.swift; sourceTree = "<group>"; };
		4321BEBD1E4B4289009679FD /* Syncope.swift */ = {isa = PBXFileReference; fileEncoding = 4; lastKnownFileType = sourcecode.swift; path = Syncope.swift; sourceTree = "<group>"; };
		432D135D1E6591CA007E600A /* HMS.swift */ = {isa = PBXFileReference; fileEncoding = 4; lastKnownFileType = sourcecode.swift; path = HMS.swift; sourceTree = "<group>"; };
		432D135F1E66CE25007E600A /* Output.swift */ = {isa = PBXFileReference; fileEncoding = 4; lastKnownFileType = sourcecode.swift; path = Output.swift; sourceTree = "<group>"; };
		432D13611E66D918007E600A /* Output.storyboard */ = {isa = PBXFileReference; fileEncoding = 4; lastKnownFileType = file.storyboard; path = Output.storyboard; sourceTree = "<group>"; };
		432D13651E66DC89007E600A /* OutputController.swift */ = {isa = PBXFileReference; fileEncoding = 4; indentWidth = 4; lastKnownFileType = sourcecode.swift; path = OutputController.swift; sourceTree = "<group>"; tabWidth = 4; };
		433A6E871E52205F008EB8C5 /* PhysicalExam.swift */ = {isa = PBXFileReference; fileEncoding = 4; lastKnownFileType = sourcecode.swift; path = PhysicalExam.swift; sourceTree = "<group>"; };
		433A6E891E52F837008EB8C5 /* Diagnostics.swift */ = {isa = PBXFileReference; fileEncoding = 4; lastKnownFileType = sourcecode.swift; path = Diagnostics.swift; sourceTree = "<group>"; };
		433A6E8B1E52F911008EB8C5 /* POMeds.swift */ = {isa = PBXFileReference; fileEncoding = 4; lastKnownFileType = sourcecode.swift; path = POMeds.swift; sourceTree = "<group>"; };
		433A6E8E1E52F961008EB8C5 /* InHospital.swift */ = {isa = PBXFileReference; fileEncoding = 4; lastKnownFileType = sourcecode.swift; path = InHospital.swift; sourceTree = "<group>"; };
		433A6E901E52F9A4008EB8C5 /* HeartSpecialistManagement.swift */ = {isa = PBXFileReference; fileEncoding = 4; lastKnownFileType = sourcecode.swift; path = HeartSpecialistManagement.swift; sourceTree = "<group>"; };
		4363A08C1E5DCBF20016D69A /* HSR.swift */ = {isa = PBXFileReference; fileEncoding = 4; lastKnownFileType = sourcecode.swift; path = HSR.swift; sourceTree = "<group>"; };
		43759CD21E8164C3009F9BB1 /* ReviewOfSystem.swift */ = {isa = PBXFileReference; fileEncoding = 4; lastKnownFileType = sourcecode.swift; path = ReviewOfSystem.swift; sourceTree = "<group>"; };
		43A35E171E4C8571006B9E76 /* MajorCVRisks.swift */ = {isa = PBXFileReference; fileEncoding = 4; lastKnownFileType = sourcecode.swift; path = MajorCVRisks.swift; sourceTree = "<group>"; };
		43A35E191E4CA159006B9E76 /* SurgicalRisk.swift */ = {isa = PBXFileReference; fileEncoding = 4; lastKnownFileType = sourcecode.swift; path = SurgicalRisk.swift; sourceTree = "<group>"; };
		43A35E1B1E4CA41B006B9E76 /* Laboratories.swift */ = {isa = PBXFileReference; fileEncoding = 4; lastKnownFileType = sourcecode.swift; path = Laboratories.swift; sourceTree = "<group>"; };
		43F081081E7C3884009EE626 /* RateController.swift */ = {isa = PBXFileReference; fileEncoding = 4; lastKnownFileType = sourcecode.swift; path = RateController.swift; sourceTree = "<group>"; };
		58E6F3991E4FE83B00DBDD78 /* ItemType.swift */ = {isa = PBXFileReference; fileEncoding = 4; lastKnownFileType = sourcecode.swift; path = ItemType.swift; sourceTree = "<group>"; };
		670AF3941E4F53AF00576848 /* Fabric.framework */ = {isa = PBXFileReference; lastKnownFileType = wrapper.framework; path = Fabric.framework; sourceTree = "<group>"; };
		670AF3951E4F53AF00576848 /* Crashlytics.framework */ = {isa = PBXFileReference; lastKnownFileType = wrapper.framework; path = Crashlytics.framework; sourceTree = "<group>"; };
		7822CA4F1E4CCBEB00EA0C31 /* BuildAppearance.swift */ = {isa = PBXFileReference; fileEncoding = 4; lastKnownFileType = sourcecode.swift; path = BuildAppearance.swift; sourceTree = "<group>"; };
		7826C28F1E603023001007B4 /* StoredValue.swift */ = {isa = PBXFileReference; fileEncoding = 4; lastKnownFileType = sourcecode.swift; path = StoredValue.swift; sourceTree = "<group>"; };
		7836A61B1E5C5D2400C21254 /* MessageController.swift */ = {isa = PBXFileReference; fileEncoding = 4; lastKnownFileType = sourcecode.swift; path = MessageController.swift; sourceTree = "<group>"; };
		783C2FFD1E72E0F10042F29E /* HypertensionController.swift */ = {isa = PBXFileReference; fileEncoding = 4; lastKnownFileType = sourcecode.swift; path = HypertensionController.swift; sourceTree = "<group>"; };
		7841EA671E5B0F5200F57FC6 /* BioController.swift */ = {isa = PBXFileReference; fileEncoding = 4; lastKnownFileType = sourcecode.swift; path = BioController.swift; sourceTree = "<group>"; };
		78588F191E65E6AE00AEBB58 /* OutputPresentation.swift */ = {isa = PBXFileReference; fileEncoding = 4; lastKnownFileType = sourcecode.swift; path = OutputPresentation.swift; sourceTree = "<group>"; };
		7867AD6F1E6C3C2600292FAA /* SpecialistController.swift */ = {isa = PBXFileReference; fileEncoding = 4; lastKnownFileType = sourcecode.swift; path = SpecialistController.swift; sourceTree = "<group>"; };
		7867AD711E6C3C6000292FAA /* Specialist.swift */ = {isa = PBXFileReference; fileEncoding = 4; lastKnownFileType = sourcecode.swift; path = Specialist.swift; sourceTree = "<group>"; };
		787104E81E40E5410049E590 /* HexExtention.swift */ = {isa = PBXFileReference; fileEncoding = 4; lastKnownFileType = sourcecode.swift; path = HexExtention.swift; sourceTree = "<group>"; };
		7871122B1E796970006A7DDC /* Settings.swift */ = {isa = PBXFileReference; fileEncoding = 4; lastKnownFileType = sourcecode.swift; path = Settings.swift; sourceTree = "<group>"; };
		7874A2481E49E8440048220E /* ResetAccountController.swift */ = {isa = PBXFileReference; fileEncoding = 4; lastKnownFileType = sourcecode.swift; path = ResetAccountController.swift; sourceTree = "<group>"; };
		7874A24A1E4A0BCB0048220E /* CodeAutorizationController.swift */ = {isa = PBXFileReference; fileEncoding = 4; lastKnownFileType = sourcecode.swift; path = CodeAutorizationController.swift; sourceTree = "<group>"; };
		7874A24E1E4A20BE0048220E /* Medical.storyboard */ = {isa = PBXFileReference; fileEncoding = 4; lastKnownFileType = file.storyboard; path = Medical.storyboard; sourceTree = "<group>"; };
		7874A2501E4A26F00048220E /* SettingsController.swift */ = {isa = PBXFileReference; fileEncoding = 4; lastKnownFileType = sourcecode.swift; path = SettingsController.swift; sourceTree = "<group>"; };
		787753041E55C34300D13EE9 /* RadioGroup.swift */ = {isa = PBXFileReference; fileEncoding = 4; lastKnownFileType = sourcecode.swift; path = RadioGroup.swift; sourceTree = "<group>"; };
		7879D49F1E6D563400965619 /* RegistraionController.swift */ = {isa = PBXFileReference; fileEncoding = 4; lastKnownFileType = sourcecode.swift; path = RegistraionController.swift; sourceTree = "<group>"; };
		7879D4A61E6D5DA600965619 /* Registration.swift */ = {isa = PBXFileReference; fileEncoding = 4; lastKnownFileType = sourcecode.swift; path = Registration.swift; sourceTree = "<group>"; };
		7879D4A81E6D943700965619 /* General.swift */ = {isa = PBXFileReference; fileEncoding = 4; lastKnownFileType = sourcecode.swift; path = General.swift; sourceTree = "<group>"; };
		787EB4791E4DB76D00121B40 /* Presentation.swift */ = {isa = PBXFileReference; fileEncoding = 4; lastKnownFileType = sourcecode.swift; path = Presentation.swift; sourceTree = "<group>"; };
		787EB47B1E4DBCD100121B40 /* EvaluationItem.swift */ = {isa = PBXFileReference; fileEncoding = 4; lastKnownFileType = sourcecode.swift; path = EvaluationItem.swift; sourceTree = "<group>"; };
		787EB47D1E4DEE0900121B40 /* GeneratedController.swift */ = {isa = PBXFileReference; fileEncoding = 4; lastKnownFileType = sourcecode.swift; path = GeneratedController.swift; sourceTree = "<group>"; };
		78813BC01E52FBF700EF1A77 /* GeneratedCell.swift */ = {isa = PBXFileReference; fileEncoding = 4; lastKnownFileType = sourcecode.swift; path = GeneratedCell.swift; sourceTree = "<group>"; };
		7883AB111E7ACD710000F65A /* ProfileController.swift */ = {isa = PBXFileReference; fileEncoding = 4; lastKnownFileType = sourcecode.swift; path = ProfileController.swift; sourceTree = "<group>"; };
		7883AB131E7AD1AA0000F65A /* Profile.swift */ = {isa = PBXFileReference; fileEncoding = 4; lastKnownFileType = sourcecode.swift; path = Profile.swift; sourceTree = "<group>"; };
		7883AB151E7AFFE50000F65A /* PoliciesController.swift */ = {isa = PBXFileReference; fileEncoding = 4; lastKnownFileType = sourcecode.swift; path = PoliciesController.swift; sourceTree = "<group>"; };
		7883AB171E7AFFF90000F65A /* TermsController.swift */ = {isa = PBXFileReference; fileEncoding = 4; lastKnownFileType = sourcecode.swift; path = TermsController.swift; sourceTree = "<group>"; };
		7883AB191E7B002A0000F65A /* HelpSupportController.swift */ = {isa = PBXFileReference; fileEncoding = 4; lastKnownFileType = sourcecode.swift; path = HelpSupportController.swift; sourceTree = "<group>"; };
		78897E1D1E5D7EAD00768783 /* CVDAlertController.swift */ = {isa = PBXFileReference; fileEncoding = 4; lastKnownFileType = sourcecode.swift; path = CVDAlertController.swift; sourceTree = "<group>"; };
		78897E1F1E5DA71C00768783 /* CVDAction.swift */ = {isa = PBXFileReference; fileEncoding = 4; lastKnownFileType = sourcecode.swift; path = CVDAction.swift; sourceTree = "<group>"; };
		78897E221E5DB8E300768783 /* AuxiliaryFunctions.swift */ = {isa = PBXFileReference; fileEncoding = 4; lastKnownFileType = sourcecode.swift; path = AuxiliaryFunctions.swift; sourceTree = "<group>"; };
		788F528C1E4B1059000208B3 /* RootViewController.swift */ = {isa = PBXFileReference; fileEncoding = 4; lastKnownFileType = sourcecode.swift; path = RootViewController.swift; sourceTree = "<group>"; };
		788F52941E4B295B000208B3 /* DemoController.swift */ = {isa = PBXFileReference; fileEncoding = 4; lastKnownFileType = sourcecode.swift; path = DemoController.swift; sourceTree = "<group>"; };
		788F52971E4B2DD7000208B3 /* DemoView.swift */ = {isa = PBXFileReference; fileEncoding = 4; lastKnownFileType = sourcecode.swift; path = DemoView.swift; sourceTree = "<group>"; };
		788F52991E4B308F000208B3 /* DemoView.xib */ = {isa = PBXFileReference; fileEncoding = 4; lastKnownFileType = file.xib; path = DemoView.xib; sourceTree = "<group>"; };
		788F529B1E4B31AA000208B3 /* ObjectLoader.swift */ = {isa = PBXFileReference; fileEncoding = 4; lastKnownFileType = sourcecode.swift; path = ObjectLoader.swift; sourceTree = "<group>"; };
		789268A11E6419950018FEF5 /* ControllerStyle.swift */ = {isa = PBXFileReference; fileEncoding = 4; lastKnownFileType = sourcecode.swift; path = ControllerStyle.swift; sourceTree = "<group>"; };
		789268A41E6478C80018FEF5 /* Evaluation.xcdatamodel */ = {isa = PBXFileReference; lastKnownFileType = wrapper.xcdatamodel; path = Evaluation.xcdatamodel; sourceTree = "<group>"; };
		789268E31E6488170018FEF5 /* DataManager.swift */ = {isa = PBXFileReference; fileEncoding = 4; lastKnownFileType = sourcecode.swift; path = DataManager.swift; sourceTree = "<group>"; };
		78986FA31E488A5200DD5F5D /* LoginController.swift */ = {isa = PBXFileReference; fileEncoding = 4; lastKnownFileType = sourcecode.swift; path = LoginController.swift; sourceTree = "<group>"; };
		78A0B2381E616D8F0069AAE0 /* CVDToolbar.swift */ = {isa = PBXFileReference; fileEncoding = 4; lastKnownFileType = sourcecode.swift; path = CVDToolbar.swift; sourceTree = "<group>"; };
		78A0B23A1E616D9E0069AAE0 /* CVDTopbar.swift */ = {isa = PBXFileReference; fileEncoding = 4; lastKnownFileType = sourcecode.swift; path = CVDTopbar.swift; sourceTree = "<group>"; };
		78A57C581E4491EF00B9A09B /* Evaluation.swift */ = {isa = PBXFileReference; fileEncoding = 4; lastKnownFileType = sourcecode.swift; path = Evaluation.swift; sourceTree = "<group>"; };
		78A57C5B1E449AE800B9A09B /* BioPersonal.swift */ = {isa = PBXFileReference; fileEncoding = 4; lastKnownFileType = sourcecode.swift; path = BioPersonal.swift; sourceTree = "<group>"; };
		78A57C5D1E449B4000B9A09B /* Symptoms.swift */ = {isa = PBXFileReference; fileEncoding = 4; lastKnownFileType = sourcecode.swift; path = Symptoms.swift; sourceTree = "<group>"; };
		78A57C601E449EEC00B9A09B /* CVProfile.swift */ = {isa = PBXFileReference; fileEncoding = 4; lastKnownFileType = sourcecode.swift; path = CVProfile.swift; sourceTree = "<group>"; };
		78A57C631E44B3B700B9A09B /* EvaluationController.swift */ = {isa = PBXFileReference; fileEncoding = 4; lastKnownFileType = sourcecode.swift; path = EvaluationController.swift; sourceTree = "<group>"; };
		78A57C651E44B92800B9A09B /* EvaluationListController.swift */ = {isa = PBXFileReference; fileEncoding = 4; lastKnownFileType = sourcecode.swift; path = EvaluationListController.swift; sourceTree = "<group>"; };
		78A680A81E76DEAF007BE425 /* StyleController.swift */ = {isa = PBXFileReference; fileEncoding = 4; lastKnownFileType = sourcecode.swift; path = StyleController.swift; sourceTree = "<group>"; };
		78A680AA1E76E707007BE425 /* FontSetView.swift */ = {isa = PBXFileReference; fileEncoding = 4; lastKnownFileType = sourcecode.swift; path = FontSetView.swift; sourceTree = "<group>"; };
		78BF73E41E3F640F0040EC81 /* Heart Check.app */ = {isa = PBXFileReference; explicitFileType = wrapper.application; includeInIndex = 0; path = "Heart Check.app"; sourceTree = BUILT_PRODUCTS_DIR; };
		78BF73E71E3F640F0040EC81 /* AppDelegate.swift */ = {isa = PBXFileReference; lastKnownFileType = sourcecode.swift; path = AppDelegate.swift; sourceTree = "<group>"; };
		78BF73EC1E3F640F0040EC81 /* Base */ = {isa = PBXFileReference; lastKnownFileType = file.storyboard; name = Base; path = Base.lproj/Main.storyboard; sourceTree = "<group>"; };
		78BF73EE1E3F640F0040EC81 /* Assets.xcassets */ = {isa = PBXFileReference; lastKnownFileType = folder.assetcatalog; path = Assets.xcassets; sourceTree = "<group>"; };
		78BF73F11E3F640F0040EC81 /* Base */ = {isa = PBXFileReference; lastKnownFileType = file.storyboard; name = Base; path = Base.lproj/LaunchScreen.storyboard; sourceTree = "<group>"; };
		78BF73F31E3F640F0040EC81 /* Info.plist */ = {isa = PBXFileReference; lastKnownFileType = text.plist.xml; path = Info.plist; sourceTree = "<group>"; };
		78BF73F81E3F640F0040EC81 /* CVDEvaluatorTests.xctest */ = {isa = PBXFileReference; explicitFileType = wrapper.cfbundle; includeInIndex = 0; path = CVDEvaluatorTests.xctest; sourceTree = BUILT_PRODUCTS_DIR; };
		78BF73FC1E3F640F0040EC81 /* CVDEvaluatorTests.swift */ = {isa = PBXFileReference; lastKnownFileType = sourcecode.swift; path = CVDEvaluatorTests.swift; sourceTree = "<group>"; };
		78BF73FE1E3F640F0040EC81 /* Info.plist */ = {isa = PBXFileReference; lastKnownFileType = text.plist.xml; path = Info.plist; sourceTree = "<group>"; };
		78BF74031E3F640F0040EC81 /* CVDEvaluatorUITests.xctest */ = {isa = PBXFileReference; explicitFileType = wrapper.cfbundle; includeInIndex = 0; path = CVDEvaluatorUITests.xctest; sourceTree = BUILT_PRODUCTS_DIR; };
		78BF74071E3F640F0040EC81 /* CVDEvaluatorUITests.swift */ = {isa = PBXFileReference; lastKnownFileType = sourcecode.swift; path = CVDEvaluatorUITests.swift; sourceTree = "<group>"; };
		78BF74091E3F640F0040EC81 /* Info.plist */ = {isa = PBXFileReference; lastKnownFileType = text.plist.xml; path = Info.plist; sourceTree = "<group>"; };
		78BF74171E3F690F0040EC81 /* iTunesArtwork */ = {isa = PBXFileReference; lastKnownFileType = file; path = iTunesArtwork; sourceTree = "<group>"; };
		78BF74181E3F71050040EC81 /* HomeController.swift */ = {isa = PBXFileReference; fileEncoding = 4; lastKnownFileType = sourcecode.swift; path = HomeController.swift; sourceTree = "<group>"; };
		78FF5C371E435678009455A3 /* BaseController.swift */ = {isa = PBXFileReference; fileEncoding = 4; lastKnownFileType = sourcecode.swift; path = BaseController.swift; sourceTree = "<group>"; };
		78FF5C3C1E436236009455A3 /* AboutController.swift */ = {isa = PBXFileReference; fileEncoding = 4; indentWidth = 4; lastKnownFileType = sourcecode.swift; path = AboutController.swift; sourceTree = "<group>"; tabWidth = 4; };
		78FF5C3E1E436262009455A3 /* BaseTableController.swift */ = {isa = PBXFileReference; fileEncoding = 4; lastKnownFileType = sourcecode.swift; path = BaseTableController.swift; sourceTree = "<group>"; };
		AA11900E1F1D77840030E32F /* ExpyTableView.swift */ = {isa = PBXFileReference; fileEncoding = 4; lastKnownFileType = sourcecode.swift; path = ExpyTableView.swift; sourceTree = "<group>"; };
		AA32535C1F1065B800519B96 /* TextSizeView.xib */ = {isa = PBXFileReference; fileEncoding = 4; lastKnownFileType = file.xib; path = TextSizeView.xib; sourceTree = "<group>"; };
		AA824E6B1EF21E6A00D75320 /* UIToolBarSubclassExample.swift */ = {isa = PBXFileReference; fileEncoding = 4; lastKnownFileType = sourcecode.swift; path = UIToolBarSubclassExample.swift; sourceTree = "<group>"; };
		AA824E6D1EF258D300D75320 /* NVActivityIndicatorView.framework */ = {isa = PBXFileReference; lastKnownFileType = wrapper.framework; name = NVActivityIndicatorView.framework; path = Carthage/Build/iOS/NVActivityIndicatorView.framework; sourceTree = "<group>"; };
		B707060F1E85E05A009342E1 /* RestClient.swift */ = {isa = PBXFileReference; fileEncoding = 4; lastKnownFileType = sourcecode.swift; name = RestClient.swift; path = CVDEvaluator/RestClient.swift; sourceTree = "<group>"; };
		B70706111E85E091009342E1 /* Alamofire.framework */ = {isa = PBXFileReference; lastKnownFileType = wrapper.framework; path = Alamofire.framework; sourceTree = "<group>"; };
		B70706121E85E091009342E1 /* SwiftyJSON.framework */ = {isa = PBXFileReference; lastKnownFileType = wrapper.framework; path = SwiftyJSON.framework; sourceTree = "<group>"; };
		B70706191E85E0D1009342E1 /* EvaluationRequest.swift */ = {isa = PBXFileReference; fileEncoding = 4; lastKnownFileType = sourcecode.swift; name = EvaluationRequest.swift; path = CVDEvaluator/EvaluationRequest.swift; sourceTree = "<group>"; };
		B7F74C931ECE99E500B17C09 /* StringExtentions.swift */ = {isa = PBXFileReference; fileEncoding = 4; lastKnownFileType = sourcecode.swift; path = StringExtentions.swift; sourceTree = "<group>"; };
		B7F74C951ECEB12C00B17C09 /* ReferencesController.swift */ = {isa = PBXFileReference; fileEncoding = 4; lastKnownFileType = sourcecode.swift; path = ReferencesController.swift; sourceTree = "<group>"; };
		B7FF6D8A1EB8F55C00D8EDC6 /* RegisterRequest.swift */ = {isa = PBXFileReference; fileEncoding = 4; lastKnownFileType = sourcecode.swift; name = RegisterRequest.swift; path = CVDEvaluator/RegisterRequest.swift; sourceTree = "<group>"; };
		B7FF6D8D1EB8FB8600D8EDC6 /* RegisterResponse.swift */ = {isa = PBXFileReference; fileEncoding = 4; lastKnownFileType = sourcecode.swift; name = RegisterResponse.swift; path = CVDEvaluator/RegisterResponse.swift; sourceTree = "<group>"; };
		BA49CC401F3339360040060A /* Alamofire.framework */ = {isa = PBXFileReference; lastKnownFileType = wrapper.framework; name = Alamofire.framework; path = Frameworks/Alamofire.framework; sourceTree = "<group>"; };
		BA49CC411F3339360040060A /* Crashlytics.framework */ = {isa = PBXFileReference; lastKnownFileType = wrapper.framework; name = Crashlytics.framework; path = Frameworks/Crashlytics.framework; sourceTree = "<group>"; };
		BA49CC421F3339360040060A /* Fabric.framework */ = {isa = PBXFileReference; lastKnownFileType = wrapper.framework; name = Fabric.framework; path = Frameworks/Fabric.framework; sourceTree = "<group>"; };
		BA49CC431F3339360040060A /* NVActivityIndicatorView.framework */ = {isa = PBXFileReference; lastKnownFileType = wrapper.framework; name = NVActivityIndicatorView.framework; path = Frameworks/NVActivityIndicatorView.framework; sourceTree = "<group>"; };
		BA49CC441F3339360040060A /* NVActivityIndicatorViewAppExtension.framework */ = {isa = PBXFileReference; lastKnownFileType = wrapper.framework; name = NVActivityIndicatorViewAppExtension.framework; path = Frameworks/NVActivityIndicatorViewAppExtension.framework; sourceTree = "<group>"; };
		BA49CC451F3339360040060A /* SwiftyJSON.framework */ = {isa = PBXFileReference; lastKnownFileType = wrapper.framework; name = SwiftyJSON.framework; path = Frameworks/SwiftyJSON.framework; sourceTree = "<group>"; };
		BA49CC461F3339360040060A /* ToastSwiftFramework.framework */ = {isa = PBXFileReference; lastKnownFileType = wrapper.framework; name = ToastSwiftFramework.framework; path = Frameworks/ToastSwiftFramework.framework; sourceTree = "<group>"; };
		BA49CC471F3339360040060A /* YNExpandableCell.framework */ = {isa = PBXFileReference; lastKnownFileType = wrapper.framework; name = YNExpandableCell.framework; path = Frameworks/YNExpandableCell.framework; sourceTree = "<group>"; };
		BA9A1B621F31EEC900EABFAA /* UIAlertControllerExtention.swift */ = {isa = PBXFileReference; fileEncoding = 4; lastKnownFileType = sourcecode.swift; path = UIAlertControllerExtention.swift; sourceTree = "<group>"; };
/* End PBXFileReference section */

/* Begin PBXFrameworksBuildPhase section */
		78BF73E11E3F640F0040EC81 /* Frameworks */ = {
			isa = PBXFrameworksBuildPhase;
			buildActionMask = 2147483647;
			files = (
				BA49CC581F3340830040060A /* ToastSwiftFramework.framework in Frameworks */,
				BA49CC491F3339360040060A /* Crashlytics.framework in Frameworks */,
				BA49CC541F3340830040060A /* Alamofire.framework in Frameworks */,
				BA49CC4A1F3339360040060A /* Fabric.framework in Frameworks */,
				BA49CC5A1F3340A30040060A /* NVActivityIndicatorView.framework in Frameworks */,
			);
			runOnlyForDeploymentPostprocessing = 0;
		};
		78BF73F51E3F640F0040EC81 /* Frameworks */ = {
			isa = PBXFrameworksBuildPhase;
			buildActionMask = 2147483647;
			files = (
			);
			runOnlyForDeploymentPostprocessing = 0;
		};
		78BF74001E3F640F0040EC81 /* Frameworks */ = {
			isa = PBXFrameworksBuildPhase;
			buildActionMask = 2147483647;
			files = (
			);
			runOnlyForDeploymentPostprocessing = 0;
		};
/* End PBXFrameworksBuildPhase section */

/* Begin PBXGroup section */
		4321BEA51E488AB4009679FD /* CVProfileSection */ = {
			isa = PBXGroup;
			children = (
				4321BEA61E489D20009679FD /* HeartFailure.swift */,
				4321BEA81E489DB1009679FD /* CoronaryHeartDisease.swift */,
				4321BEAA1E489DF8009679FD /* AtrialFibrilation.swift */,
				4321BEAC1E489E3E009679FD /* ThromboembolicVKA.swift */,
				4321BEAE1E489EA1009679FD /* VentricularTachyarrthymias.swift */,
				4321BEB01E489F49009679FD /* BradyarrthymiaSyncope.swift */,
				4321BEB51E489FB4009679FD /* ValvularHeartDisease.swift */,
				4321BEB71E48A038009679FD /* PulmonaryHypertension.swift */,
				4321BEB91E48A085009679FD /* VascularDisease.swift */,
			);
			name = CVProfileSection;
			sourceTree = "<group>";
		};
		4363A08E1E5DCBFD0016D69A /* HSR */ = {
			isa = PBXGroup;
			children = (
				433A6E8B1E52F911008EB8C5 /* POMeds.swift */,
				433A6E8E1E52F961008EB8C5 /* InHospital.swift */,
			);
			name = HSR;
			sourceTree = "<group>";
		};
		588AA15E1E4142F00048BD84 /* Extentions */ = {
			isa = PBXGroup;
			children = (
				BA9A1B621F31EEC900EABFAA /* UIAlertControllerExtention.swift */,
				787104E81E40E5410049E590 /* HexExtention.swift */,
				B7F74C931ECE99E500B17C09 /* StringExtentions.swift */,
			);
			name = Extentions;
			sourceTree = "<group>";
		};
		7822CA4E1E4CCBB700EA0C31 /* Protocols */ = {
			isa = PBXGroup;
			children = (
				7822CA4F1E4CCBEB00EA0C31 /* BuildAppearance.swift */,
			);
			name = Protocols;
			sourceTree = "<group>";
		};
		787104E51E40C4610049E590 /* Models */ = {
			isa = PBXGroup;
			children = (
				7879D4A51E6D5D6E00965619 /* General */,
				78A57C5A1E449AB000B9A09B /* EvaluationSections */,
				789268E31E6488170018FEF5 /* DataManager.swift */,
				78A0B23A1E616D9E0069AAE0 /* CVDTopbar.swift */,
				78A0B2381E616D8F0069AAE0 /* CVDToolbar.swift */,
				78897E1F1E5DA71C00768783 /* CVDAction.swift */,
				787753041E55C34300D13EE9 /* RadioGroup.swift */,
				7826C28F1E603023001007B4 /* StoredValue.swift */,
				787EB47B1E4DBCD100121B40 /* EvaluationItem.swift */,
				78A57C581E4491EF00B9A09B /* Evaluation.swift */,
				7867AD711E6C3C6000292FAA /* Specialist.swift */,
				788F529B1E4B31AA000208B3 /* ObjectLoader.swift */,
			);
			name = Models;
			sourceTree = "<group>";
		};
		7879D4A51E6D5D6E00965619 /* General */ = {
			isa = PBXGroup;
			children = (
				7879D4A61E6D5DA600965619 /* Registration.swift */,
				7871122B1E796970006A7DDC /* Settings.swift */,
				7883AB131E7AD1AA0000F65A /* Profile.swift */,
			);
			name = General;
			sourceTree = "<group>";
		};
		787EB4761E4DB4B000121B40 /* Literals */ = {
			isa = PBXGroup;
			children = (
				789268A11E6419950018FEF5 /* ControllerStyle.swift */,
				78588F191E65E6AE00AEBB58 /* OutputPresentation.swift */,
				58E6F3991E4FE83B00DBDD78 /* ItemType.swift */,
				787EB4791E4DB76D00121B40 /* Presentation.swift */,
				7879D4A81E6D943700965619 /* General.swift */,
				432D135D1E6591CA007E600A /* HMS.swift */,
			);
			name = Literals;
			sourceTree = "<group>";
		};
		78897E211E5DB89100768783 /* Functions */ = {
			isa = PBXGroup;
			children = (
				78897E221E5DB8E300768783 /* AuxiliaryFunctions.swift */,
			);
			name = Functions;
			sourceTree = "<group>";
		};
		788F52891E4B0F7C000208B3 /* ViewControllers */ = {
			isa = PBXGroup;
			children = (
				78A3F3981E49DF4B008A634B /* Authorization */,
				BA49CC3B1F327CB60040060A /* DemoView */,
				78FF5C391E4361B0009455A3 /* Evaluation */,
				BA49CC3A1F327C8A0040060A /* Settings */,
				AA824E6B1EF21E6A00D75320 /* UIToolBarSubclassExample.swift */,
			);
			name = ViewControllers;
			sourceTree = "<group>";
		};
		788F52961E4B2DAF000208B3 /* Views */ = {
			isa = PBXGroup;
			children = (
				AA11900E1F1D77840030E32F /* ExpyTableView.swift */,
				78813BC01E52FBF700EF1A77 /* GeneratedCell.swift */,
				78A680AA1E76E707007BE425 /* FontSetView.swift */,
				788F52971E4B2DD7000208B3 /* DemoView.swift */,
				788F52991E4B308F000208B3 /* DemoView.xib */,
			);
			name = Views;
			sourceTree = "<group>";
		};
		78A3F3981E49DF4B008A634B /* Authorization */ = {
			isa = PBXGroup;
			children = (
				78986FA31E488A5200DD5F5D /* LoginController.swift */,
				7879D49F1E6D563400965619 /* RegistraionController.swift */,
				7874A2481E49E8440048220E /* ResetAccountController.swift */,
				7874A24A1E4A0BCB0048220E /* CodeAutorizationController.swift */,
			);
			name = Authorization;
			sourceTree = "<group>";
		};
		78A57C5A1E449AB000B9A09B /* EvaluationSections */ = {
			isa = PBXGroup;
			children = (
				78A57C5F1E449E6100B9A09B /* SymptomsSection */,
				4321BEA51E488AB4009679FD /* CVProfileSection */,
				4363A08E1E5DCBFD0016D69A /* HSR */,
				78A57C5B1E449AE800B9A09B /* BioPersonal.swift */,
				78A57C5D1E449B4000B9A09B /* Symptoms.swift */,
				43759CD21E8164C3009F9BB1 /* ReviewOfSystem.swift */,
				433A6E871E52205F008EB8C5 /* PhysicalExam.swift */,
				78A57C601E449EEC00B9A09B /* CVProfile.swift */,
				43A35E171E4C8571006B9E76 /* MajorCVRisks.swift */,
				43A35E191E4CA159006B9E76 /* SurgicalRisk.swift */,
				43A35E1B1E4CA41B006B9E76 /* Laboratories.swift */,
				433A6E891E52F837008EB8C5 /* Diagnostics.swift */,
				4363A08C1E5DCBF20016D69A /* HSR.swift */,
				433A6E901E52F9A4008EB8C5 /* HeartSpecialistManagement.swift */,
				432D135F1E66CE25007E600A /* Output.swift */,
			);
			name = EvaluationSections;
			sourceTree = "<group>";
		};
		78A57C5F1E449E6100B9A09B /* SymptomsSection */ = {
			isa = PBXGroup;
			children = (
				4321BEBD1E4B4289009679FD /* Syncope.swift */,
			);
			name = SymptomsSection;
			sourceTree = "<group>";
		};
		78BF73DB1E3F640F0040EC81 = {
			isa = PBXGroup;
			children = (
				BA9A1B5E1F31ED0100EABFAA /* Frameworks */,
				B707060E1E85E027009342E1 /* Rest */,
				78BF73E61E3F640F0040EC81 /* CVDEvaluator */,
				78BF73FB1E3F640F0040EC81 /* CVDEvaluatorTests */,
				78BF74061E3F640F0040EC81 /* CVDEvaluatorUITests */,
				78BF73E51E3F640F0040EC81 /* Products */,
			);
			indentWidth = 3;
			sourceTree = "<group>";
			tabWidth = 3;
			usesTabs = 1;
		};
		78BF73E51E3F640F0040EC81 /* Products */ = {
			isa = PBXGroup;
			children = (
				78BF73E41E3F640F0040EC81 /* Heart Check.app */,
				78BF73F81E3F640F0040EC81 /* CVDEvaluatorTests.xctest */,
				78BF74031E3F640F0040EC81 /* CVDEvaluatorUITests.xctest */,
			);
			name = Products;
			sourceTree = "<group>";
		};
		78BF73E61E3F640F0040EC81 /* CVDEvaluator */ = {
			isa = PBXGroup;
			children = (
				78BF73E71E3F640F0040EC81 /* AppDelegate.swift */,
				78FF5C371E435678009455A3 /* BaseController.swift */,
				78FF5C3E1E436262009455A3 /* BaseTableController.swift */,
				78897E211E5DB89100768783 /* Functions */,
				588AA15E1E4142F00048BD84 /* Extentions */,
				787EB4761E4DB4B000121B40 /* Literals */,
				7822CA4E1E4CCBB700EA0C31 /* Protocols */,
				787104E51E40C4610049E590 /* Models */,
				788F52961E4B2DAF000208B3 /* Views */,
				788F52891E4B0F7C000208B3 /* ViewControllers */,
				78BF73EB1E3F640F0040EC81 /* Main.storyboard */,
				7874A24E1E4A20BE0048220E /* Medical.storyboard */,
				AA32535C1F1065B800519B96 /* TextSizeView.xib */,
				432D13611E66D918007E600A /* Output.storyboard */,
				432D13651E66DC89007E600A /* OutputController.swift */,
				789268A31E6478C80018FEF5 /* Evaluation.xcdatamodeld */,
				78BF73EE1E3F640F0040EC81 /* Assets.xcassets */,
				78BF73F01E3F640F0040EC81 /* LaunchScreen.storyboard */,
				78BF73F31E3F640F0040EC81 /* Info.plist */,
				78BF74161E3F68EA0040EC81 /* Resources */,
			);
			path = CVDEvaluator;
			sourceTree = "<group>";
		};
		78BF73FB1E3F640F0040EC81 /* CVDEvaluatorTests */ = {
			isa = PBXGroup;
			children = (
				78BF73FC1E3F640F0040EC81 /* CVDEvaluatorTests.swift */,
				78BF73FE1E3F640F0040EC81 /* Info.plist */,
			);
			path = CVDEvaluatorTests;
			sourceTree = "<group>";
		};
		78BF74061E3F640F0040EC81 /* CVDEvaluatorUITests */ = {
			isa = PBXGroup;
			children = (
				78BF74071E3F640F0040EC81 /* CVDEvaluatorUITests.swift */,
				78BF74091E3F640F0040EC81 /* Info.plist */,
			);
			path = CVDEvaluatorUITests;
			sourceTree = "<group>";
		};
		78BF74161E3F68EA0040EC81 /* Resources */ = {
			isa = PBXGroup;
			children = (
				78BF74171E3F690F0040EC81 /* iTunesArtwork */,
			);
			path = Resources;
			sourceTree = "<group>";
		};
		78FF5C391E4361B0009455A3 /* Evaluation */ = {
			isa = PBXGroup;
			children = (
				78BF74181E3F71050040EC81 /* HomeController.swift */,
				78A57C651E44B92800B9A09B /* EvaluationListController.swift */,
				78A57C631E44B3B700B9A09B /* EvaluationController.swift */,
				7841EA671E5B0F5200F57FC6 /* BioController.swift */,
				787EB47D1E4DEE0900121B40 /* GeneratedController.swift */,
				7836A61B1E5C5D2400C21254 /* MessageController.swift */,
				78A680A81E76DEAF007BE425 /* StyleController.swift */,
				78897E1D1E5D7EAD00768783 /* CVDAlertController.swift */,
				7867AD6F1E6C3C2600292FAA /* SpecialistController.swift */,
				783C2FFD1E72E0F10042F29E /* HypertensionController.swift */,
				B7F74C951ECEB12C00B17C09 /* ReferencesController.swift */,
			);
			name = Evaluation;
			sourceTree = "<group>";
		};
		B707060E1E85E027009342E1 /* Rest */ = {
			isa = PBXGroup;
			children = (
				B7FF6D8C1EB8FB7300D8EDC6 /* Responses */,
				B70706181E85E0B6009342E1 /* Requests */,
				B707060F1E85E05A009342E1 /* RestClient.swift */,
			);
			name = Rest;
			sourceTree = "<group>";
		};
		B70706181E85E0B6009342E1 /* Requests */ = {
			isa = PBXGroup;
			children = (
				B70706191E85E0D1009342E1 /* EvaluationRequest.swift */,
				B7FF6D8A1EB8F55C00D8EDC6 /* RegisterRequest.swift */,
			);
			name = Requests;
			sourceTree = "<group>";
		};
		B7FF6D8C1EB8FB7300D8EDC6 /* Responses */ = {
			isa = PBXGroup;
			children = (
				B7FF6D8D1EB8FB8600D8EDC6 /* RegisterResponse.swift */,
			);
			name = Responses;
			sourceTree = "<group>";
		};
		BA49CC3A1F327C8A0040060A /* Settings */ = {
			isa = PBXGroup;
			children = (
				7874A2501E4A26F00048220E /* SettingsController.swift */,
				78FF5C3C1E436236009455A3 /* AboutController.swift */,
				7883AB111E7ACD710000F65A /* ProfileController.swift */,
				7883AB151E7AFFE50000F65A /* PoliciesController.swift */,
				7883AB171E7AFFF90000F65A /* TermsController.swift */,
				7883AB191E7B002A0000F65A /* HelpSupportController.swift */,
				43F081081E7C3884009EE626 /* RateController.swift */,
			);
			name = Settings;
			sourceTree = "<group>";
		};
		BA49CC3B1F327CB60040060A /* DemoView */ = {
			isa = PBXGroup;
			children = (
				788F528C1E4B1059000208B3 /* RootViewController.swift */,
				788F52941E4B295B000208B3 /* DemoController.swift */,
			);
			name = DemoView;
			sourceTree = "<group>";
		};
		BA9A1B5E1F31ED0100EABFAA /* Frameworks */ = {
			isa = PBXGroup;
			children = (
				BA49CC401F3339360040060A /* Alamofire.framework */,
				BA49CC411F3339360040060A /* Crashlytics.framework */,
				BA49CC421F3339360040060A /* Fabric.framework */,
				BA49CC431F3339360040060A /* NVActivityIndicatorView.framework */,
				BA49CC441F3339360040060A /* NVActivityIndicatorViewAppExtension.framework */,
				BA49CC451F3339360040060A /* SwiftyJSON.framework */,
				BA49CC461F3339360040060A /* ToastSwiftFramework.framework */,
				BA49CC471F3339360040060A /* YNExpandableCell.framework */,
				AA824E6D1EF258D300D75320 /* NVActivityIndicatorView.framework */,
				670AF3951E4F53AF00576848 /* Crashlytics.framework */,
				670AF3941E4F53AF00576848 /* Fabric.framework */,
				B70706121E85E091009342E1 /* SwiftyJSON.framework */,
				B70706111E85E091009342E1 /* Alamofire.framework */,
			);
			name = Frameworks;
			sourceTree = "<group>";
		};
/* End PBXGroup section */

/* Begin PBXNativeTarget section */
		78BF73E31E3F640F0040EC81 /* CVDEvaluator */ = {
			isa = PBXNativeTarget;
			buildConfigurationList = 78BF740C1E3F640F0040EC81 /* Build configuration list for PBXNativeTarget "CVDEvaluator" */;
			buildPhases = (
				78BF73E01E3F640F0040EC81 /* Sources */,
				78BF73E11E3F640F0040EC81 /* Frameworks */,
				78BF73E21E3F640F0040EC81 /* Resources */,
				670AF3931E4F537E00576848 /* Fabric */,
				D51A51581E9442850084352C /* Embed Frameworks */,
			);
			buildRules = (
			);
			dependencies = (
			);
			name = CVDEvaluator;
			productName = CVDEvaluator;
			productReference = 78BF73E41E3F640F0040EC81 /* Heart Check.app */;
			productType = "com.apple.product-type.application";
		};
		78BF73F71E3F640F0040EC81 /* CVDEvaluatorTests */ = {
			isa = PBXNativeTarget;
			buildConfigurationList = 78BF740F1E3F640F0040EC81 /* Build configuration list for PBXNativeTarget "CVDEvaluatorTests" */;
			buildPhases = (
				78BF73F41E3F640F0040EC81 /* Sources */,
				78BF73F51E3F640F0040EC81 /* Frameworks */,
				78BF73F61E3F640F0040EC81 /* Resources */,
			);
			buildRules = (
			);
			dependencies = (
				78BF73FA1E3F640F0040EC81 /* PBXTargetDependency */,
			);
			name = CVDEvaluatorTests;
			productName = CVDEvaluatorTests;
			productReference = 78BF73F81E3F640F0040EC81 /* CVDEvaluatorTests.xctest */;
			productType = "com.apple.product-type.bundle.unit-test";
		};
		78BF74021E3F640F0040EC81 /* CVDEvaluatorUITests */ = {
			isa = PBXNativeTarget;
			buildConfigurationList = 78BF74121E3F640F0040EC81 /* Build configuration list for PBXNativeTarget "CVDEvaluatorUITests" */;
			buildPhases = (
				78BF73FF1E3F640F0040EC81 /* Sources */,
				78BF74001E3F640F0040EC81 /* Frameworks */,
				78BF74011E3F640F0040EC81 /* Resources */,
			);
			buildRules = (
			);
			dependencies = (
				78BF74051E3F640F0040EC81 /* PBXTargetDependency */,
			);
			name = CVDEvaluatorUITests;
			productName = CVDEvaluatorUITests;
			productReference = 78BF74031E3F640F0040EC81 /* CVDEvaluatorUITests.xctest */;
			productType = "com.apple.product-type.bundle.ui-testing";
		};
/* End PBXNativeTarget section */

/* Begin PBXProject section */
		78BF73DC1E3F640F0040EC81 /* Project object */ = {
			isa = PBXProject;
			attributes = {
				LastSwiftUpdateCheck = 0820;
				LastUpgradeCheck = 0820;
				ORGANIZATIONNAME = IgorKhomiak;
				TargetAttributes = {
					78BF73E31E3F640F0040EC81 = {
						CreatedOnToolsVersion = 8.2.1;
						ProvisioningStyle = Manual;
					};
					78BF73F71E3F640F0040EC81 = {
						CreatedOnToolsVersion = 8.2.1;
						ProvisioningStyle = Automatic;
						TestTargetID = 78BF73E31E3F640F0040EC81;
					};
					78BF74021E3F640F0040EC81 = {
						CreatedOnToolsVersion = 8.2.1;
						ProvisioningStyle = Automatic;
						TestTargetID = 78BF73E31E3F640F0040EC81;
					};
				};
			};
			buildConfigurationList = 78BF73DF1E3F640F0040EC81 /* Build configuration list for PBXProject "CVDEvaluator" */;
			compatibilityVersion = "Xcode 3.2";
			developmentRegion = English;
			hasScannedForEncodings = 0;
			knownRegions = (
				en,
				Base,
			);
			mainGroup = 78BF73DB1E3F640F0040EC81;
			productRefGroup = 78BF73E51E3F640F0040EC81 /* Products */;
			projectDirPath = "";
			projectRoot = "";
			targets = (
				78BF73E31E3F640F0040EC81 /* CVDEvaluator */,
				78BF73F71E3F640F0040EC81 /* CVDEvaluatorTests */,
				78BF74021E3F640F0040EC81 /* CVDEvaluatorUITests */,
			);
		};
/* End PBXProject section */

/* Begin PBXResourcesBuildPhase section */
		78BF73E21E3F640F0040EC81 /* Resources */ = {
			isa = PBXResourcesBuildPhase;
			buildActionMask = 2147483647;
			files = (
				AA32535D1F1065B800519B96 /* TextSizeView.xib in Resources */,
				78BF73F21E3F640F0040EC81 /* LaunchScreen.storyboard in Resources */,
				432D13621E66D918007E600A /* Output.storyboard in Resources */,
				788F529A1E4B308F000208B3 /* DemoView.xib in Resources */,
				78BF73EF1E3F640F0040EC81 /* Assets.xcassets in Resources */,
				78BF73ED1E3F640F0040EC81 /* Main.storyboard in Resources */,
				7874A24F1E4A20BE0048220E /* Medical.storyboard in Resources */,
			);
			runOnlyForDeploymentPostprocessing = 0;
		};
		78BF73F61E3F640F0040EC81 /* Resources */ = {
			isa = PBXResourcesBuildPhase;
			buildActionMask = 2147483647;
			files = (
			);
			runOnlyForDeploymentPostprocessing = 0;
		};
		78BF74011E3F640F0040EC81 /* Resources */ = {
			isa = PBXResourcesBuildPhase;
			buildActionMask = 2147483647;
			files = (
			);
			runOnlyForDeploymentPostprocessing = 0;
		};
/* End PBXResourcesBuildPhase section */

/* Begin PBXShellScriptBuildPhase section */
		670AF3931E4F537E00576848 /* Fabric */ = {
			isa = PBXShellScriptBuildPhase;
			buildActionMask = 2147483647;
			files = (
			);
			inputPaths = (
			);
			name = Fabric;
			outputPaths = (
			);
			runOnlyForDeploymentPostprocessing = 0;
			shellPath = /bin/sh;
			shellScript = "./Frameworks/Fabric.framework/run b024c492635d69ccfafb7e31f949953e20d40ee3 bede7a2a39f36be4ef577d3e3c788b1010418959d1bd503c8d955c6cad2e396c";
		};
/* End PBXShellScriptBuildPhase section */

/* Begin PBXSourcesBuildPhase section */
		78BF73E01E3F640F0040EC81 /* Sources */ = {
			isa = PBXSourcesBuildPhase;
			buildActionMask = 2147483647;
			files = (
				4321BEA71E489D20009679FD /* HeartFailure.swift in Sources */,
				78A57C611E449EEC00B9A09B /* CVProfile.swift in Sources */,
				78A57C661E44B92800B9A09B /* EvaluationListController.swift in Sources */,
				787EB47C1E4DBCD100121B40 /* EvaluationItem.swift in Sources */,
				7871122C1E796971006A7DDC /* Settings.swift in Sources */,
				78A680A91E76DEAF007BE425 /* StyleController.swift in Sources */,
				432D135E1E6591CA007E600A /* HMS.swift in Sources */,
				43A35E181E4C8571006B9E76 /* MajorCVRisks.swift in Sources */,
				BA9A1B631F31EEC900EABFAA /* UIAlertControllerExtention.swift in Sources */,
				4363A08D1E5DCBF20016D69A /* HSR.swift in Sources */,
				B7FF6D8E1EB8FB8600D8EDC6 /* RegisterResponse.swift in Sources */,
				58E6F39A1E4FE83B00DBDD78 /* ItemType.swift in Sources */,
				78A57C591E4491EF00B9A09B /* Evaluation.swift in Sources */,
				4321BEA91E489DB1009679FD /* CoronaryHeartDisease.swift in Sources */,
				433A6E881E52205F008EB8C5 /* PhysicalExam.swift in Sources */,
				7883AB161E7AFFE50000F65A /* PoliciesController.swift in Sources */,
				4321BEB61E489FB4009679FD /* ValvularHeartDisease.swift in Sources */,
				4321BEB11E489F49009679FD /* BradyarrthymiaSyncope.swift in Sources */,
				7822CA501E4CCBEB00EA0C31 /* BuildAppearance.swift in Sources */,
				43A35E1C1E4CA41B006B9E76 /* Laboratories.swift in Sources */,
				78BF74191E3F71050040EC81 /* HomeController.swift in Sources */,
				78897E1E1E5D7EAD00768783 /* CVDAlertController.swift in Sources */,
				78986FA41E488A5200DD5F5D /* LoginController.swift in Sources */,
				78A57C5E1E449B4000B9A09B /* Symptoms.swift in Sources */,
				787EB47E1E4DEE0900121B40 /* GeneratedController.swift in Sources */,
				7883AB121E7ACD710000F65A /* ProfileController.swift in Sources */,
				433A6E8A1E52F837008EB8C5 /* Diagnostics.swift in Sources */,
				7836A61C1E5C5D2400C21254 /* MessageController.swift in Sources */,
				7883AB141E7AD1AA0000F65A /* Profile.swift in Sources */,
				7883AB181E7AFFF90000F65A /* TermsController.swift in Sources */,
				4321BEAF1E489EA1009679FD /* VentricularTachyarrthymias.swift in Sources */,
				432D13661E66DC89007E600A /* OutputController.swift in Sources */,
				788F52981E4B2DD7000208B3 /* DemoView.swift in Sources */,
				7883AB1A1E7B002A0000F65A /* HelpSupportController.swift in Sources */,
				78A0B2391E616D8F0069AAE0 /* CVDToolbar.swift in Sources */,
				4321BEAD1E489E3E009679FD /* ThromboembolicVKA.swift in Sources */,
				787EB47A1E4DB76D00121B40 /* Presentation.swift in Sources */,
				43F081091E7C3884009EE626 /* RateController.swift in Sources */,
				7879D4A71E6D5DA600965619 /* Registration.swift in Sources */,
				4321BEAB1E489DF8009679FD /* AtrialFibrilation.swift in Sources */,
				7874A2511E4A26F00048220E /* SettingsController.swift in Sources */,
				78FF5C3F1E436262009455A3 /* BaseTableController.swift in Sources */,
				78897E231E5DB8E300768783 /* AuxiliaryFunctions.swift in Sources */,
				78588F1A1E65E6AE00AEBB58 /* OutputPresentation.swift in Sources */,
				7867AD721E6C3C6000292FAA /* Specialist.swift in Sources */,
				78A0B23B1E616D9E0069AAE0 /* CVDTopbar.swift in Sources */,
				433A6E911E52F9A4008EB8C5 /* HeartSpecialistManagement.swift in Sources */,
				AA824E6C1EF21E6A00D75320 /* UIToolBarSubclassExample.swift in Sources */,
				787753051E55C34300D13EE9 /* RadioGroup.swift in Sources */,
				B70706101E85E05A009342E1 /* RestClient.swift in Sources */,
				78897E201E5DA71C00768783 /* CVDAction.swift in Sources */,
				B707061A1E85E0D1009342E1 /* EvaluationRequest.swift in Sources */,
				7874A2491E49E8440048220E /* ResetAccountController.swift in Sources */,
				788F52951E4B295B000208B3 /* DemoController.swift in Sources */,
				78A680AB1E76E707007BE425 /* FontSetView.swift in Sources */,
				7826C2901E603023001007B4 /* StoredValue.swift in Sources */,
				7841EA681E5B0F5200F57FC6 /* BioController.swift in Sources */,
				7867AD701E6C3C2600292FAA /* SpecialistController.swift in Sources */,
				4321BEBE1E4B4289009679FD /* Syncope.swift in Sources */,
				7879D4A01E6D563400965619 /* RegistraionController.swift in Sources */,
				789268A51E6478C80018FEF5 /* Evaluation.xcdatamodeld in Sources */,
				B7F74C941ECE99E500B17C09 /* StringExtentions.swift in Sources */,
				783C2FFE1E72E0F10042F29E /* HypertensionController.swift in Sources */,
				78BF73E81E3F640F0040EC81 /* AppDelegate.swift in Sources */,
				78FF5C381E435678009455A3 /* BaseController.swift in Sources */,
				7879D4A91E6D943700965619 /* General.swift in Sources */,
				B7FF6D8B1EB8F55C00D8EDC6 /* RegisterRequest.swift in Sources */,
				788F528D1E4B1059000208B3 /* RootViewController.swift in Sources */,
				78813BC11E52FBF700EF1A77 /* GeneratedCell.swift in Sources */,
				B7F74C961ECEB12C00B17C09 /* ReferencesController.swift in Sources */,
				7874A24B1E4A0BCB0048220E /* CodeAutorizationController.swift in Sources */,
				78A57C5C1E449AE800B9A09B /* BioPersonal.swift in Sources */,
				433A6E8F1E52F961008EB8C5 /* InHospital.swift in Sources */,
				788F529C1E4B31AA000208B3 /* ObjectLoader.swift in Sources */,
				789268E41E6488170018FEF5 /* DataManager.swift in Sources */,
				43759CD31E8164C3009F9BB1 /* ReviewOfSystem.swift in Sources */,
				433A6E8C1E52F911008EB8C5 /* POMeds.swift in Sources */,
				432D13601E66CE25007E600A /* Output.swift in Sources */,
				789268A21E6419950018FEF5 /* ControllerStyle.swift in Sources */,
				43A35E1A1E4CA159006B9E76 /* SurgicalRisk.swift in Sources */,
				4321BEB81E48A038009679FD /* PulmonaryHypertension.swift in Sources */,
				AA11900F1F1D77840030E32F /* ExpyTableView.swift in Sources */,
				4321BEBA1E48A085009679FD /* VascularDisease.swift in Sources */,
				78FF5C3D1E436236009455A3 /* AboutController.swift in Sources */,
				787104E91E40E5410049E590 /* HexExtention.swift in Sources */,
				78A57C641E44B3B700B9A09B /* EvaluationController.swift in Sources */,
			);
			runOnlyForDeploymentPostprocessing = 0;
		};
		78BF73F41E3F640F0040EC81 /* Sources */ = {
			isa = PBXSourcesBuildPhase;
			buildActionMask = 2147483647;
			files = (
				78BF73FD1E3F640F0040EC81 /* CVDEvaluatorTests.swift in Sources */,
			);
			runOnlyForDeploymentPostprocessing = 0;
		};
		78BF73FF1E3F640F0040EC81 /* Sources */ = {
			isa = PBXSourcesBuildPhase;
			buildActionMask = 2147483647;
			files = (
				78BF74081E3F640F0040EC81 /* CVDEvaluatorUITests.swift in Sources */,
			);
			runOnlyForDeploymentPostprocessing = 0;
		};
/* End PBXSourcesBuildPhase section */

/* Begin PBXTargetDependency section */
		78BF73FA1E3F640F0040EC81 /* PBXTargetDependency */ = {
			isa = PBXTargetDependency;
			target = 78BF73E31E3F640F0040EC81 /* CVDEvaluator */;
			targetProxy = 78BF73F91E3F640F0040EC81 /* PBXContainerItemProxy */;
		};
		78BF74051E3F640F0040EC81 /* PBXTargetDependency */ = {
			isa = PBXTargetDependency;
			target = 78BF73E31E3F640F0040EC81 /* CVDEvaluator */;
			targetProxy = 78BF74041E3F640F0040EC81 /* PBXContainerItemProxy */;
		};
/* End PBXTargetDependency section */

/* Begin PBXVariantGroup section */
		78BF73EB1E3F640F0040EC81 /* Main.storyboard */ = {
			isa = PBXVariantGroup;
			children = (
				78BF73EC1E3F640F0040EC81 /* Base */,
			);
			name = Main.storyboard;
			sourceTree = "<group>";
		};
		78BF73F01E3F640F0040EC81 /* LaunchScreen.storyboard */ = {
			isa = PBXVariantGroup;
			children = (
				78BF73F11E3F640F0040EC81 /* Base */,
			);
			name = LaunchScreen.storyboard;
			sourceTree = "<group>";
		};
/* End PBXVariantGroup section */

/* Begin XCBuildConfiguration section */
		78BF740A1E3F640F0040EC81 /* Debug */ = {
			isa = XCBuildConfiguration;
			buildSettings = {
				ALWAYS_SEARCH_USER_PATHS = NO;
				CLANG_ANALYZER_NONNULL = YES;
				CLANG_CXX_LANGUAGE_STANDARD = "gnu++0x";
				CLANG_CXX_LIBRARY = "libc++";
				CLANG_ENABLE_MODULES = YES;
				CLANG_ENABLE_OBJC_ARC = YES;
				CLANG_WARN_BOOL_CONVERSION = YES;
				CLANG_WARN_CONSTANT_CONVERSION = YES;
				CLANG_WARN_DIRECT_OBJC_ISA_USAGE = YES_ERROR;
				CLANG_WARN_DOCUMENTATION_COMMENTS = YES;
				CLANG_WARN_EMPTY_BODY = YES;
				CLANG_WARN_ENUM_CONVERSION = YES;
				CLANG_WARN_INFINITE_RECURSION = YES;
				CLANG_WARN_INT_CONVERSION = YES;
				CLANG_WARN_OBJC_ROOT_CLASS = YES_ERROR;
				CLANG_WARN_SUSPICIOUS_MOVE = YES;
				CLANG_WARN_UNREACHABLE_CODE = YES;
				CLANG_WARN__DUPLICATE_METHOD_MATCH = YES;
				"CODE_SIGN_IDENTITY[sdk=iphoneos*]" = "iPhone Developer";
				COPY_PHASE_STRIP = NO;
				DEBUG_INFORMATION_FORMAT = "dwarf-with-dsym";
				ENABLE_STRICT_OBJC_MSGSEND = YES;
				ENABLE_TESTABILITY = YES;
				GCC_C_LANGUAGE_STANDARD = gnu99;
				GCC_DYNAMIC_NO_PIC = NO;
				GCC_NO_COMMON_BLOCKS = YES;
				GCC_OPTIMIZATION_LEVEL = 0;
				GCC_PREPROCESSOR_DEFINITIONS = (
					"DEBUG=1",
					"$(inherited)",
				);
				GCC_WARN_64_TO_32_BIT_CONVERSION = YES;
				GCC_WARN_ABOUT_RETURN_TYPE = YES_ERROR;
				GCC_WARN_UNDECLARED_SELECTOR = YES;
				GCC_WARN_UNINITIALIZED_AUTOS = YES_AGGRESSIVE;
				GCC_WARN_UNUSED_FUNCTION = YES;
				GCC_WARN_UNUSED_VARIABLE = YES;
				IPHONEOS_DEPLOYMENT_TARGET = 9.3;
				MTL_ENABLE_DEBUG_INFO = YES;
				ONLY_ACTIVE_ARCH = YES;
				SDKROOT = iphoneos;
				SWIFT_ACTIVE_COMPILATION_CONDITIONS = DEBUG;
				SWIFT_OPTIMIZATION_LEVEL = "-Onone";
			};
			name = Debug;
		};
		78BF740B1E3F640F0040EC81 /* Release */ = {
			isa = XCBuildConfiguration;
			buildSettings = {
				ALWAYS_SEARCH_USER_PATHS = NO;
				CLANG_ANALYZER_NONNULL = YES;
				CLANG_CXX_LANGUAGE_STANDARD = "gnu++0x";
				CLANG_CXX_LIBRARY = "libc++";
				CLANG_ENABLE_MODULES = YES;
				CLANG_ENABLE_OBJC_ARC = YES;
				CLANG_WARN_BOOL_CONVERSION = YES;
				CLANG_WARN_CONSTANT_CONVERSION = YES;
				CLANG_WARN_DIRECT_OBJC_ISA_USAGE = YES_ERROR;
				CLANG_WARN_DOCUMENTATION_COMMENTS = YES;
				CLANG_WARN_EMPTY_BODY = YES;
				CLANG_WARN_ENUM_CONVERSION = YES;
				CLANG_WARN_INFINITE_RECURSION = YES;
				CLANG_WARN_INT_CONVERSION = YES;
				CLANG_WARN_OBJC_ROOT_CLASS = YES_ERROR;
				CLANG_WARN_SUSPICIOUS_MOVE = YES;
				CLANG_WARN_UNREACHABLE_CODE = YES;
				CLANG_WARN__DUPLICATE_METHOD_MATCH = YES;
				"CODE_SIGN_IDENTITY[sdk=iphoneos*]" = "iPhone Distribution";
				COPY_PHASE_STRIP = NO;
				DEBUG_INFORMATION_FORMAT = "dwarf-with-dsym";
				ENABLE_NS_ASSERTIONS = NO;
				ENABLE_STRICT_OBJC_MSGSEND = YES;
				GCC_C_LANGUAGE_STANDARD = gnu99;
				GCC_NO_COMMON_BLOCKS = YES;
				GCC_WARN_64_TO_32_BIT_CONVERSION = YES;
				GCC_WARN_ABOUT_RETURN_TYPE = YES_ERROR;
				GCC_WARN_UNDECLARED_SELECTOR = YES;
				GCC_WARN_UNINITIALIZED_AUTOS = YES_AGGRESSIVE;
				GCC_WARN_UNUSED_FUNCTION = YES;
				GCC_WARN_UNUSED_VARIABLE = YES;
				IPHONEOS_DEPLOYMENT_TARGET = 9.3;
				MTL_ENABLE_DEBUG_INFO = NO;
				SDKROOT = iphoneos;
				SWIFT_OPTIMIZATION_LEVEL = "-Owholemodule";
				VALIDATE_PRODUCT = YES;
			};
			name = Release;
		};
		78BF740D1E3F640F0040EC81 /* Debug */ = {
			isa = XCBuildConfiguration;
			buildSettings = {
				ASSETCATALOG_COMPILER_APPICON_NAME = AppIcon;
				CODE_SIGN_IDENTITY = "iPhone Developer: Demir Baykal (29F8XS98B7)";
				"CODE_SIGN_IDENTITY[sdk=iphoneos*]" = "iPhone Developer: Demir Baykal (29F8XS98B7)";
				DEVELOPMENT_TEAM = "";
				ENABLE_BITCODE = NO;
				FRAMEWORK_SEARCH_PATHS = (
					"$(inherited)",
					"$(PROJECT_DIR)",
					"$(PROJECT_DIR)/Carthage/Build/iOS",
					"$(PROJECT_DIR)/Frameworks",
				);
				INFOPLIST_FILE = CVDEvaluator/Info.plist;
				IPHONEOS_DEPLOYMENT_TARGET = 8.4;
				LD_RUNPATH_SEARCH_PATHS = "$(inherited) @executable_path/Frameworks";
				PRODUCT_BUNDLE_IDENTIFIER = com.ihorkhomyak.cvdevaluator;
				PRODUCT_NAME = "Heart Check";
				PROVISIONING_PROFILE = "";
				PROVISIONING_PROFILE_SPECIFIER = CVDEvaluatorTest_Dev_Profile;
				SWIFT_VERSION = 3.0;
			};
			name = Debug;
		};
		78BF740E1E3F640F0040EC81 /* Release */ = {
			isa = XCBuildConfiguration;
			buildSettings = {
				ASSETCATALOG_COMPILER_APPICON_NAME = AppIcon;
				CODE_SIGN_IDENTITY = "iPhone Developer: Demir Baykal (29F8XS98B7)";
				"CODE_SIGN_IDENTITY[sdk=iphoneos*]" = "iPhone Developer: Demir Baykal (29F8XS98B7)";
				DEVELOPMENT_TEAM = "";
				ENABLE_BITCODE = NO;
				FRAMEWORK_SEARCH_PATHS = (
					"$(inherited)",
					"$(PROJECT_DIR)",
					"$(PROJECT_DIR)/Carthage/Build/iOS",
					"$(PROJECT_DIR)/Frameworks",
				);
				INFOPLIST_FILE = CVDEvaluator/Info.plist;
				IPHONEOS_DEPLOYMENT_TARGET = 8.4;
				LD_RUNPATH_SEARCH_PATHS = "$(inherited) @executable_path/Frameworks";
				PRODUCT_BUNDLE_IDENTIFIER = com.ihorkhomyak.cvdevaluator;
				PRODUCT_NAME = "Heart Check";
				PROVISIONING_PROFILE = "";
				PROVISIONING_PROFILE_SPECIFIER = CVDEvaluatorTest_Dev_Profile;
				SWIFT_VERSION = 3.0;
			};
			name = Release;
		};
		78BF74101E3F640F0040EC81 /* Debug */ = {
			isa = XCBuildConfiguration;
			buildSettings = {
				ALWAYS_EMBED_SWIFT_STANDARD_LIBRARIES = YES;
				BUNDLE_LOADER = "$(TEST_HOST)";
				INFOPLIST_FILE = CVDEvaluatorTests/Info.plist;
				LD_RUNPATH_SEARCH_PATHS = "$(inherited) @executable_path/Frameworks @loader_path/Frameworks";
				PRODUCT_BUNDLE_IDENTIFIER = "SZG-tech.CVDEvaluatorTests";
				PRODUCT_NAME = "$(TARGET_NAME)";
				SWIFT_VERSION = 3.0;
				TEST_HOST = "$(BUILT_PRODUCTS_DIR)/CVDEvaluator.app/CVDEvaluator";
			};
			name = Debug;
		};
		78BF74111E3F640F0040EC81 /* Release */ = {
			isa = XCBuildConfiguration;
			buildSettings = {
				ALWAYS_EMBED_SWIFT_STANDARD_LIBRARIES = YES;
				BUNDLE_LOADER = "$(TEST_HOST)";
				INFOPLIST_FILE = CVDEvaluatorTests/Info.plist;
				LD_RUNPATH_SEARCH_PATHS = "$(inherited) @executable_path/Frameworks @loader_path/Frameworks";
				PRODUCT_BUNDLE_IDENTIFIER = "SZG-tech.CVDEvaluatorTests";
				PRODUCT_NAME = "$(TARGET_NAME)";
				SWIFT_VERSION = 3.0;
				TEST_HOST = "$(BUILT_PRODUCTS_DIR)/CVDEvaluator.app/CVDEvaluator";
			};
			name = Release;
		};
		78BF74131E3F640F0040EC81 /* Debug */ = {
			isa = XCBuildConfiguration;
			buildSettings = {
				ALWAYS_EMBED_SWIFT_STANDARD_LIBRARIES = YES;
				INFOPLIST_FILE = CVDEvaluatorUITests/Info.plist;
				LD_RUNPATH_SEARCH_PATHS = "$(inherited) @executable_path/Frameworks @loader_path/Frameworks";
				PRODUCT_BUNDLE_IDENTIFIER = "SZG-tech.CVDEvaluatorUITests";
				PRODUCT_NAME = "$(TARGET_NAME)";
				SWIFT_VERSION = 3.0;
				TEST_TARGET_NAME = CVDEvaluator;
			};
			name = Debug;
		};
		78BF74141E3F640F0040EC81 /* Release */ = {
			isa = XCBuildConfiguration;
			buildSettings = {
				ALWAYS_EMBED_SWIFT_STANDARD_LIBRARIES = YES;
				INFOPLIST_FILE = CVDEvaluatorUITests/Info.plist;
				LD_RUNPATH_SEARCH_PATHS = "$(inherited) @executable_path/Frameworks @loader_path/Frameworks";
				PRODUCT_BUNDLE_IDENTIFIER = "SZG-tech.CVDEvaluatorUITests";
				PRODUCT_NAME = "$(TARGET_NAME)";
				SWIFT_VERSION = 3.0;
				TEST_TARGET_NAME = CVDEvaluator;
			};
			name = Release;
		};
/* End XCBuildConfiguration section */

/* Begin XCConfigurationList section */
		78BF73DF1E3F640F0040EC81 /* Build configuration list for PBXProject "CVDEvaluator" */ = {
			isa = XCConfigurationList;
			buildConfigurations = (
				78BF740A1E3F640F0040EC81 /* Debug */,
				78BF740B1E3F640F0040EC81 /* Release */,
			);
			defaultConfigurationIsVisible = 0;
			defaultConfigurationName = Release;
		};
		78BF740C1E3F640F0040EC81 /* Build configuration list for PBXNativeTarget "CVDEvaluator" */ = {
			isa = XCConfigurationList;
			buildConfigurations = (
				78BF740D1E3F640F0040EC81 /* Debug */,
				78BF740E1E3F640F0040EC81 /* Release */,
			);
			defaultConfigurationIsVisible = 0;
			defaultConfigurationName = Release;
		};
		78BF740F1E3F640F0040EC81 /* Build configuration list for PBXNativeTarget "CVDEvaluatorTests" */ = {
			isa = XCConfigurationList;
			buildConfigurations = (
				78BF74101E3F640F0040EC81 /* Debug */,
				78BF74111E3F640F0040EC81 /* Release */,
			);
			defaultConfigurationIsVisible = 0;
			defaultConfigurationName = Release;
		};
		78BF74121E3F640F0040EC81 /* Build configuration list for PBXNativeTarget "CVDEvaluatorUITests" */ = {
			isa = XCConfigurationList;
			buildConfigurations = (
				78BF74131E3F640F0040EC81 /* Debug */,
				78BF74141E3F640F0040EC81 /* Release */,
			);
			defaultConfigurationIsVisible = 0;
			defaultConfigurationName = Release;
		};
/* End XCConfigurationList section */

/* Begin XCVersionGroup section */
		789268A31E6478C80018FEF5 /* Evaluation.xcdatamodeld */ = {
			isa = XCVersionGroup;
			children = (
				789268A41E6478C80018FEF5 /* Evaluation.xcdatamodel */,
			);
			currentVersion = 789268A41E6478C80018FEF5 /* Evaluation.xcdatamodel */;
			path = Evaluation.xcdatamodeld;
			sourceTree = "<group>";
			versionGroupType = wrapper.xcdatamodel;
		};
/* End XCVersionGroup section */
	};
	rootObject = 78BF73DC1E3F640F0040EC81 /* Project object */;
}
